
Microsoft Visual Studio Solution File, Format Version 12.00
# Visual Studio Version 17
VisualStudioVersion = 17.12.35707.178
MinimumVisualStudioVersion = 10.0.40219.1
Project("{FAE04EC0-301F-11D3-BF4B-00C04F79EFBC}") = "Session2Service", "Session2Service\Session2Service.csproj", "{342D6E96-2914-4FDC-94C1-21AB8B4B4C7E}"
EndProject
Project("{FAE04EC0-301F-11D3-BF4B-00C04F79EFBC}") = "ConsoleHost2", "ConsoleHost2\ConsoleHost2.csproj", "{D2977A9C-867E-42C4-AC8F-A4F1BB4C7E62}"
EndProject
Project("{FAE04EC0-301F-11D3-BF4B-00C04F79EFBC}") = "ConsoleClient2", "ConsoleClient2\ConsoleClient2.csproj", "{E4C3078C-375B-4B8E-9239-90B685B69DCA}"
EndProject
Global
	GlobalSection(SolutionConfigurationPlatforms) = preSolution
		Debug|Any CPU = Debug|Any CPU
		Release|Any CPU = Release|Any CPU
	EndGlobalSection
	GlobalSection(ProjectConfigurationPlatforms) = postSolution
		{342D6E96-2914-4FDC-94C1-21AB8B4B4C7E}.Debug|Any CPU.ActiveCfg = Debug|Any CPU
		{342D6E96-2914-4FDC-94C1-21AB8B4B4C7E}.Debug|Any CPU.Build.0 = Debug|Any CPU
		{342D6E96-2914-4FDC-94C1-21AB8B4B4C7E}.Release|Any CPU.ActiveCfg = Release|Any CPU
		{342D6E96-2914-4FDC-94C1-21AB8B4B4C7E}.Release|Any CPU.Build.0 = Release|Any CPU
		{D2977A9C-867E-42C4-AC8F-A4F1BB4C7E62}.Debug|Any CPU.ActiveCfg = Debug|Any CPU
		{D2977A9C-867E-42C4-AC8F-A4F1BB4C7E62}.Debug|Any CPU.Build.0 = Debug|Any CPU
		{D2977A9C-867E-42C4-AC8F-A4F1BB4C7E62}.Release|Any CPU.ActiveCfg = Release|Any CPU
		{D2977A9C-867E-42C4-AC8F-A4F1BB4C7E62}.Release|Any CPU.Build.0 = Release|Any CPU
		{E4C3078C-375B-4B8E-9239-90B685B69DCA}.Debug|Any CPU.ActiveCfg = Debug|Any CPU
		{E4C3078C-375B-4B8E-9239-90B685B69DCA}.Debug|Any CPU.Build.0 = Debug|Any CPU
		{E4C3078C-375B-4B8E-9239-90B685B69DCA}.Release|Any CPU.ActiveCfg = Release|Any CPU
		{E4C3078C-375B-4B8E-9239-90B685B69DCA}.Release|Any CPU.Build.0 = Release|Any CPU
	EndGlobalSection
	GlobalSection(SolutionProperties) = preSolution
		HideSolutionNode = FALSE
	EndGlobalSection
EndGlobal
